
Microsoft Visual Studio Solution File, Format Version 12.00
# Visual Studio Version 16
VisualStudioVersion = 16.0.29009.5
MinimumVisualStudioVersion = 15.0.26124.0
Project("{9A19103F-16F7-4668-BE54-9A1E7A4F7556}") = "Client.RO", "Client.RO\Client.RO.csproj", "{68276E86-F445-4E6F-B94B-7AD4D46FAAC9}"
EndProject
Project("{9A19103F-16F7-4668-BE54-9A1E7A4F7556}") = "Data", "Data\Data.csproj", "{7E416CFC-E0D9-4C03-90DE-AD3C6A6C15F5}"
EndProject
Project("{9A19103F-16F7-4668-BE54-9A1E7A4F7556}") = "Utils", "Utils\Utils.csproj", "{A3759643-6CB7-4F29-80BC-80A1F88E8BEC}"
EndProject
Project("{9A19103F-16F7-4668-BE54-9A1E7A4F7556}") = "Utils.Tests", "Utils.Tests\Utils.Tests.csproj", "{BAD0EAAF-ACDB-49C1-BB29-16D1BA359D75}"
EndProject
Project("{9A19103F-16F7-4668-BE54-9A1E7A4F7556}") = "IdentityServer", "IdentityServer\IdentityServer.csproj", "{735897B5-24F4-4BA3-9B3E-1DF1DFF53C8A}"
EndProject
Project("{9A19103F-16F7-4668-BE54-9A1E7A4F7556}") = "masked-emails", "masked-emails\masked-emails.csproj", "{781F2D00-05FE-4B55-A1CB-A3C321828AAE}"
EndProject
Project("{2150E333-8FDC-42A3-9474-1A3956D46DE8}") = "Clients", "Clients", "{51D4B925-4914-4BE0-82E8-D7DDE20BE598}"
EndProject
Project("{2150E333-8FDC-42A3-9474-1A3956D46DE8}") = "Api", "Api", "{C205EB2A-9C4B-4F47-AC49-C60E75450D1F}"
EndProject
Project("{9A19103F-16F7-4668-BE54-9A1E7A4F7556}") = "Model", "Model\Model.csproj", "{7D92D740-A37D-4835-A2B6-8FFC8771D0FC}"
EndProject
Project("{9A19103F-16F7-4668-BE54-9A1E7A4F7556}") = "WebApi", "WebApi\WebApi.csproj", "{92C1DA0E-8244-4B44-B7B6-93D979CA85F9}"
EndProject
Project("{9A19103F-16F7-4668-BE54-9A1E7A4F7556}") = "ElCamino.AspNetCore.Identity.AzureTable", "ElCamino.AspNetCore.Identity.AzureTable\ElCamino.AspNetCore.Identity.AzureTable.csproj", "{47FEFF78-A64D-49B0-A1C2-45F1091DE784}"
EndProject
Global
	GlobalSection(SolutionConfigurationPlatforms) = preSolution
		Debug|Any CPU = Debug|Any CPU
		Debug|x64 = Debug|x64
		Debug|x86 = Debug|x86
		Release|Any CPU = Release|Any CPU
		Release|x64 = Release|x64
		Release|x86 = Release|x86
	EndGlobalSection
	GlobalSection(ProjectConfigurationPlatforms) = postSolution
		{68276E86-F445-4E6F-B94B-7AD4D46FAAC9}.Debug|Any CPU.ActiveCfg = Debug|Any CPU
		{68276E86-F445-4E6F-B94B-7AD4D46FAAC9}.Debug|Any CPU.Build.0 = Debug|Any CPU
		{68276E86-F445-4E6F-B94B-7AD4D46FAAC9}.Debug|x64.ActiveCfg = Debug|Any CPU
		{68276E86-F445-4E6F-B94B-7AD4D46FAAC9}.Debug|x64.Build.0 = Debug|Any CPU
		{68276E86-F445-4E6F-B94B-7AD4D46FAAC9}.Debug|x86.ActiveCfg = Debug|Any CPU
		{68276E86-F445-4E6F-B94B-7AD4D46FAAC9}.Debug|x86.Build.0 = Debug|Any CPU
		{68276E86-F445-4E6F-B94B-7AD4D46FAAC9}.Release|Any CPU.ActiveCfg = Release|Any CPU
		{68276E86-F445-4E6F-B94B-7AD4D46FAAC9}.Release|Any CPU.Build.0 = Release|Any CPU
		{68276E86-F445-4E6F-B94B-7AD4D46FAAC9}.Release|x64.ActiveCfg = Release|Any CPU
		{68276E86-F445-4E6F-B94B-7AD4D46FAAC9}.Release|x64.Build.0 = Release|Any CPU
		{68276E86-F445-4E6F-B94B-7AD4D46FAAC9}.Release|x86.ActiveCfg = Release|Any CPU
		{68276E86-F445-4E6F-B94B-7AD4D46FAAC9}.Release|x86.Build.0 = Release|Any CPU
		{7E416CFC-E0D9-4C03-90DE-AD3C6A6C15F5}.Debug|Any CPU.ActiveCfg = Debug|Any CPU
		{7E416CFC-E0D9-4C03-90DE-AD3C6A6C15F5}.Debug|Any CPU.Build.0 = Debug|Any CPU
		{7E416CFC-E0D9-4C03-90DE-AD3C6A6C15F5}.Debug|x64.ActiveCfg = Debug|Any CPU
		{7E416CFC-E0D9-4C03-90DE-AD3C6A6C15F5}.Debug|x64.Build.0 = Debug|Any CPU
		{7E416CFC-E0D9-4C03-90DE-AD3C6A6C15F5}.Debug|x86.ActiveCfg = Debug|Any CPU
		{7E416CFC-E0D9-4C03-90DE-AD3C6A6C15F5}.Debug|x86.Build.0 = Debug|Any CPU
		{7E416CFC-E0D9-4C03-90DE-AD3C6A6C15F5}.Release|Any CPU.ActiveCfg = Release|Any CPU
		{7E416CFC-E0D9-4C03-90DE-AD3C6A6C15F5}.Release|Any CPU.Build.0 = Release|Any CPU
		{7E416CFC-E0D9-4C03-90DE-AD3C6A6C15F5}.Release|x64.ActiveCfg = Release|Any CPU
		{7E416CFC-E0D9-4C03-90DE-AD3C6A6C15F5}.Release|x64.Build.0 = Release|Any CPU
		{7E416CFC-E0D9-4C03-90DE-AD3C6A6C15F5}.Release|x86.ActiveCfg = Release|Any CPU
		{7E416CFC-E0D9-4C03-90DE-AD3C6A6C15F5}.Release|x86.Build.0 = Release|Any CPU
		{A3759643-6CB7-4F29-80BC-80A1F88E8BEC}.Debug|Any CPU.ActiveCfg = Debug|Any CPU
		{A3759643-6CB7-4F29-80BC-80A1F88E8BEC}.Debug|Any CPU.Build.0 = Debug|Any CPU
		{A3759643-6CB7-4F29-80BC-80A1F88E8BEC}.Debug|x64.ActiveCfg = Debug|Any CPU
		{A3759643-6CB7-4F29-80BC-80A1F88E8BEC}.Debug|x64.Build.0 = Debug|Any CPU
		{A3759643-6CB7-4F29-80BC-80A1F88E8BEC}.Debug|x86.ActiveCfg = Debug|Any CPU
		{A3759643-6CB7-4F29-80BC-80A1F88E8BEC}.Debug|x86.Build.0 = Debug|Any CPU
		{A3759643-6CB7-4F29-80BC-80A1F88E8BEC}.Release|Any CPU.ActiveCfg = Release|Any CPU
		{A3759643-6CB7-4F29-80BC-80A1F88E8BEC}.Release|Any CPU.Build.0 = Release|Any CPU
		{A3759643-6CB7-4F29-80BC-80A1F88E8BEC}.Release|x64.ActiveCfg = Release|Any CPU
		{A3759643-6CB7-4F29-80BC-80A1F88E8BEC}.Release|x64.Build.0 = Release|Any CPU
		{A3759643-6CB7-4F29-80BC-80A1F88E8BEC}.Release|x86.ActiveCfg = Release|Any CPU
		{A3759643-6CB7-4F29-80BC-80A1F88E8BEC}.Release|x86.Build.0 = Release|Any CPU
		{BAD0EAAF-ACDB-49C1-BB29-16D1BA359D75}.Debug|Any CPU.ActiveCfg = Debug|Any CPU
		{BAD0EAAF-ACDB-49C1-BB29-16D1BA359D75}.Debug|Any CPU.Build.0 = Debug|Any CPU
		{BAD0EAAF-ACDB-49C1-BB29-16D1BA359D75}.Debug|x64.ActiveCfg = Debug|Any CPU
		{BAD0EAAF-ACDB-49C1-BB29-16D1BA359D75}.Debug|x64.Build.0 = Debug|Any CPU
		{BAD0EAAF-ACDB-49C1-BB29-16D1BA359D75}.Debug|x86.ActiveCfg = Debug|Any CPU
		{BAD0EAAF-ACDB-49C1-BB29-16D1BA359D75}.Debug|x86.Build.0 = Debug|Any CPU
		{BAD0EAAF-ACDB-49C1-BB29-16D1BA359D75}.Release|Any CPU.ActiveCfg = Release|Any CPU
		{BAD0EAAF-ACDB-49C1-BB29-16D1BA359D75}.Release|Any CPU.Build.0 = Release|Any CPU
		{BAD0EAAF-ACDB-49C1-BB29-16D1BA359D75}.Release|x64.ActiveCfg = Release|Any CPU
		{BAD0EAAF-ACDB-49C1-BB29-16D1BA359D75}.Release|x64.Build.0 = Release|Any CPU
		{BAD0EAAF-ACDB-49C1-BB29-16D1BA359D75}.Release|x86.ActiveCfg = Release|Any CPU
		{BAD0EAAF-ACDB-49C1-BB29-16D1BA359D75}.Release|x86.Build.0 = Release|Any CPU
		{735897B5-24F4-4BA3-9B3E-1DF1DFF53C8A}.Debug|Any CPU.ActiveCfg = Debug|Any CPU
		{735897B5-24F4-4BA3-9B3E-1DF1DFF53C8A}.Debug|Any CPU.Build.0 = Debug|Any CPU
		{735897B5-24F4-4BA3-9B3E-1DF1DFF53C8A}.Debug|x64.ActiveCfg = Debug|Any CPU
		{735897B5-24F4-4BA3-9B3E-1DF1DFF53C8A}.Debug|x64.Build.0 = Debug|Any CPU
		{735897B5-24F4-4BA3-9B3E-1DF1DFF53C8A}.Debug|x86.ActiveCfg = Debug|Any CPU
		{735897B5-24F4-4BA3-9B3E-1DF1DFF53C8A}.Debug|x86.Build.0 = Debug|Any CPU
		{735897B5-24F4-4BA3-9B3E-1DF1DFF53C8A}.Release|Any CPU.ActiveCfg = Release|Any CPU
		{735897B5-24F4-4BA3-9B3E-1DF1DFF53C8A}.Release|Any CPU.Build.0 = Release|Any CPU
		{735897B5-24F4-4BA3-9B3E-1DF1DFF53C8A}.Release|x64.ActiveCfg = Release|Any CPU
		{735897B5-24F4-4BA3-9B3E-1DF1DFF53C8A}.Release|x64.Build.0 = Release|Any CPU
		{735897B5-24F4-4BA3-9B3E-1DF1DFF53C8A}.Release|x86.ActiveCfg = Release|Any CPU
		{735897B5-24F4-4BA3-9B3E-1DF1DFF53C8A}.Release|x86.Build.0 = Release|Any CPU
		{781F2D00-05FE-4B55-A1CB-A3C321828AAE}.Debug|Any CPU.ActiveCfg = Debug|Any CPU
		{781F2D00-05FE-4B55-A1CB-A3C321828AAE}.Debug|Any CPU.Build.0 = Debug|Any CPU
		{781F2D00-05FE-4B55-A1CB-A3C321828AAE}.Debug|x64.ActiveCfg = Debug|Any CPU
		{781F2D00-05FE-4B55-A1CB-A3C321828AAE}.Debug|x64.Build.0 = Debug|Any CPU
		{781F2D00-05FE-4B55-A1CB-A3C321828AAE}.Debug|x86.ActiveCfg = Debug|Any CPU
		{781F2D00-05FE-4B55-A1CB-A3C321828AAE}.Debug|x86.Build.0 = Debug|Any CPU
		{781F2D00-05FE-4B55-A1CB-A3C321828AAE}.Release|Any CPU.ActiveCfg = Release|Any CPU
		{781F2D00-05FE-4B55-A1CB-A3C321828AAE}.Release|Any CPU.Build.0 = Release|Any CPU
		{781F2D00-05FE-4B55-A1CB-A3C321828AAE}.Release|x64.ActiveCfg = Release|Any CPU
		{781F2D00-05FE-4B55-A1CB-A3C321828AAE}.Release|x64.Build.0 = Release|Any CPU
		{781F2D00-05FE-4B55-A1CB-A3C321828AAE}.Release|x86.ActiveCfg = Release|Any CPU
		{781F2D00-05FE-4B55-A1CB-A3C321828AAE}.Release|x86.Build.0 = Release|Any CPU
		{7D92D740-A37D-4835-A2B6-8FFC8771D0FC}.Debug|Any CPU.ActiveCfg = Debug|Any CPU
		{7D92D740-A37D-4835-A2B6-8FFC8771D0FC}.Debug|Any CPU.Build.0 = Debug|Any CPU
		{7D92D740-A37D-4835-A2B6-8FFC8771D0FC}.Debug|x64.ActiveCfg = Debug|Any CPU
		{7D92D740-A37D-4835-A2B6-8FFC8771D0FC}.Debug|x64.Build.0 = Debug|Any CPU
		{7D92D740-A37D-4835-A2B6-8FFC8771D0FC}.Debug|x86.ActiveCfg = Debug|Any CPU
		{7D92D740-A37D-4835-A2B6-8FFC8771D0FC}.Debug|x86.Build.0 = Debug|Any CPU
		{7D92D740-A37D-4835-A2B6-8FFC8771D0FC}.Release|Any CPU.ActiveCfg = Release|Any CPU
		{7D92D740-A37D-4835-A2B6-8FFC8771D0FC}.Release|Any CPU.Build.0 = Release|Any CPU
		{7D92D740-A37D-4835-A2B6-8FFC8771D0FC}.Release|x64.ActiveCfg = Release|Any CPU
		{7D92D740-A37D-4835-A2B6-8FFC8771D0FC}.Release|x64.Build.0 = Release|Any CPU
		{7D92D740-A37D-4835-A2B6-8FFC8771D0FC}.Release|x86.ActiveCfg = Release|Any CPU
		{7D92D740-A37D-4835-A2B6-8FFC8771D0FC}.Release|x86.Build.0 = Release|Any CPU
		{92C1DA0E-8244-4B44-B7B6-93D979CA85F9}.Debug|Any CPU.ActiveCfg = Debug|Any CPU
		{92C1DA0E-8244-4B44-B7B6-93D979CA85F9}.Debug|Any CPU.Build.0 = Debug|Any CPU
		{92C1DA0E-8244-4B44-B7B6-93D979CA85F9}.Debug|x64.ActiveCfg = Debug|Any CPU
		{92C1DA0E-8244-4B44-B7B6-93D979CA85F9}.Debug|x64.Build.0 = Debug|Any CPU
		{92C1DA0E-8244-4B44-B7B6-93D979CA85F9}.Debug|x86.ActiveCfg = Debug|Any CPU
		{92C1DA0E-8244-4B44-B7B6-93D979CA85F9}.Debug|x86.Build.0 = Debug|Any CPU
		{92C1DA0E-8244-4B44-B7B6-93D979CA85F9}.Release|Any CPU.ActiveCfg = Release|Any CPU
		{92C1DA0E-8244-4B44-B7B6-93D979CA85F9}.Release|Any CPU.Build.0 = Release|Any CPU
		{92C1DA0E-8244-4B44-B7B6-93D979CA85F9}.Release|x64.ActiveCfg = Release|Any CPU
		{92C1DA0E-8244-4B44-B7B6-93D979CA85F9}.Release|x64.Build.0 = Release|Any CPU
		{92C1DA0E-8244-4B44-B7B6-93D979CA85F9}.Release|x86.ActiveCfg = Release|Any CPU
		{92C1DA0E-8244-4B44-B7B6-93D979CA85F9}.Release|x86.Build.0 = Release|Any CPU
		{47FEFF78-A64D-49B0-A1C2-45F1091DE784}.Debug|Any CPU.ActiveCfg = Debug|Any CPU
		{47FEFF78-A64D-49B0-A1C2-45F1091DE784}.Debug|Any CPU.Build.0 = Debug|Any CPU
		{47FEFF78-A64D-49B0-A1C2-45F1091DE784}.Debug|x64.ActiveCfg = Debug|Any CPU
		{47FEFF78-A64D-49B0-A1C2-45F1091DE784}.Debug|x64.Build.0 = Debug|Any CPU
		{47FEFF78-A64D-49B0-A1C2-45F1091DE784}.Debug|x86.ActiveCfg = Debug|Any CPU
		{47FEFF78-A64D-49B0-A1C2-45F1091DE784}.Debug|x86.Build.0 = Debug|Any CPU
		{47FEFF78-A64D-49B0-A1C2-45F1091DE784}.Release|Any CPU.ActiveCfg = Release|Any CPU
		{47FEFF78-A64D-49B0-A1C2-45F1091DE784}.Release|Any CPU.Build.0 = Release|Any CPU
		{47FEFF78-A64D-49B0-A1C2-45F1091DE784}.Release|x64.ActiveCfg = Release|Any CPU
		{47FEFF78-A64D-49B0-A1C2-45F1091DE784}.Release|x64.Build.0 = Release|Any CPU
		{47FEFF78-A64D-49B0-A1C2-45F1091DE784}.Release|x86.ActiveCfg = Release|Any CPU
		{47FEFF78-A64D-49B0-A1C2-45F1091DE784}.Release|x86.Build.0 = Release|Any CPU
	EndGlobalSection
	GlobalSection(SolutionProperties) = preSolution
		HideSolutionNode = FALSE
	EndGlobalSection
	GlobalSection(NestedProjects) = preSolution
		{68276E86-F445-4E6F-B94B-7AD4D46FAAC9} = {51D4B925-4914-4BE0-82E8-D7DDE20BE598}
		{7E416CFC-E0D9-4C03-90DE-AD3C6A6C15F5} = {C205EB2A-9C4B-4F47-AC49-C60E75450D1F}
		{A3759643-6CB7-4F29-80BC-80A1F88E8BEC} = {C205EB2A-9C4B-4F47-AC49-C60E75450D1F}
		{BAD0EAAF-ACDB-49C1-BB29-16D1BA359D75} = {C205EB2A-9C4B-4F47-AC49-C60E75450D1F}
		{7D92D740-A37D-4835-A2B6-8FFC8771D0FC} = {C205EB2A-9C4B-4F47-AC49-C60E75450D1F}
		{92C1DA0E-8244-4B44-B7B6-93D979CA85F9} = {C205EB2A-9C4B-4F47-AC49-C60E75450D1F}
	EndGlobalSection
	GlobalSection(ExtensibilityGlobals) = postSolution
		SolutionGuid = {1460BD41-5C57-4C65-B4E7-7A2DF997596C}
	EndGlobalSection
EndGlobal
